# This file is automatically @generated by Kitchen.
# It is not intended for manual editing.

version = 1

[[packages]]
name = "my-lib"
version = "*"
source = "registry+https://registry.roast-lang.org"

[[packages]]
name = "py:requests"
version = "*"
source = "pypi+requests"

[metadata]
generated_at = "2025-12-18T13:08:23.357739683+00:00"
roast_version = "0.1.0"
kitchen_version = "0.1.0"
